{
    "version": "0.5",
    "requires": [
        "zstd/1.5.6#afefe79a309bc2a7b9f56c2093504c8b%1715599903.955",
        "zlib/1.3.1#f52e03ae3d251dec704634230cd806a2%1708593606.497",
        "unordered_dense/4.4.0#6a855c992618cc4c63019109a2e47298%1703413908.029",
        "sqlitecpp/3.3.1#ba1315c1f8f97a73b6f6ea823e6cadfe%1705751647.549",
        "sqlite3/3.45.0#3a7911478ffd14e7acc694ac113449b6%1707810434.986",
        "spscqueue/1.1#d957071758b391ea7c4a20425a037d3b%1661772997.516",
        "spdlog/1.14.1#972bbf70be1da4bc57ea589af0efde03%1714610543.14",
        "snappy/1.1.10#916523630083f6d855cb2977de8eefb6%1689780661.062",
        "openssl/3.3.1#279e86dc2a7dded8c1fe8512e775bdb1%1721924369.561",
        "mongo-cxx-driver/3.8.1#39f40195d5f516064d0939ba900eaa0b%1715329300.239",
        "mongo-c-driver/1.27.1#09e7773e548102ed2d4287ff3f19dfca%1722954999.693",
        "libdwarf/0.9.1#74f3c2940c7dca2ec082aa9a35496242%1708142121.776",
        "libbacktrace/cci.20210118#a7691bfccd8caaf66309df196790a5a1%1722218217.276",
        "libassert/2.1.0#f9b8fda8d1eb70eb31871c8c317cae2c%1717547312.175",
        "icu/74.2#a62036066fcce8a73a7119c8ae828b15%1721811899.524",
        "gtest/1.14.0#25e2a474b4d1aecf5ff4f0555dcdf72c%1715096213.863",
        "fmt/10.2.1#8d582aeebdf05b6f0abe2911b926c3f4%1720016029.904",
        "cpptrace/0.7.0#8271ecee71312c74b0f1f1c9511b2504%1724940473.868",
        "bzip2/1.0.8#d00dac990f08d991998d624be81a9526%1724661266.998",
        "boost/1.82.0#19bb5f0ffb1a3ebb837eb3578b11d5a3%1724657629.331",
        "benchmark/1.9.0#ad992fd28f453d1f895d32b2ba576892%1724323740.598"
    ],
    "build_requires": [
        "pkgconf/2.1.0#27f44583701117b571307cf5b5fe5605%1701537936.436",
        "ninja/1.12.1#fd583651bf0c6a901943495d49878803%1724079877.609",
        "meson/1.2.2#29cf77c283f6af08818f6fd8068c37e8%1724080330.199",
        "cmake/3.30.1#6d832cf2d46f6ec969ca5ed5b41f91eb%1721643748.186",
        "b2/5.2.1#91bc73931a0acb655947a81569ed8b80%1718416612.241"
    ],
    "python_requires": [],
    "overrides": {
        "zstd/[^1.5]": [
            "zstd/1.5.6"
        ],
        "zstd/1.5.5": [
            "zstd/1.5.6"
        ],
        "cpptrace/0.6.0": [
            "cpptrace/0.7.0"
        ]
    },
    "config_requires": []
}